
Microsoft Visual Studio Solution File, Format Version 12.00
# Visual Studio Version 17
VisualStudioVersion = 17.3.32825.248
MinimumVisualStudioVersion = 10.0.40219.1
Project("{FAE04EC0-301F-11D3-BF4B-00C04F79EFBC}") = "Hangman01", "Hangman01\Hangman01.csproj", "{BB862B01-3F03-4169-88C2-97BBE49AC979}"
EndProject
Global
	GlobalSection(SolutionConfigurationPlatforms) = preSolution
		Debug|Any CPU = Debug|Any CPU
		Release|Any CPU = Release|Any CPU
	EndGlobalSection
	GlobalSection(ProjectConfigurationPlatforms) = postSolution
		{BB862B01-3F03-4169-88C2-97BBE49AC979}.Debug|Any CPU.ActiveCfg = Debug|Any CPU
		{BB862B01-3F03-4169-88C2-97BBE49AC979}.Debug|Any CPU.Build.0 = Debug|Any CPU
		{BB862B01-3F03-4169-88C2-97BBE49AC979}.Release|Any CPU.ActiveCfg = Release|Any CPU
		{BB862B01-3F03-4169-88C2-97BBE49AC979}.Release|Any CPU.Build.0 = Release|Any CPU
	EndGlobalSection
	GlobalSection(SolutionProperties) = preSolution
		HideSolutionNode = FALSE
	EndGlobalSection
	GlobalSection(ExtensibilityGlobals) = postSolution
		SolutionGuid = {9F2DED06-0E5E-42AF-96DF-6E78413A2AE3}
	EndGlobalSection
EndGlobal
